
Microsoft Visual Studio Solution File, Format Version 12.00
# Visual Studio 15
VisualStudioVersion = 15.0.28307.421
MinimumVisualStudioVersion = 10.0.40219.1
Project("{9A19103F-16F7-4668-BE54-9A1E7A4F7556}") = "EmployeeApi", "EmployeeApi\EmployeeApi.csproj", "{6FB6DD51-E2E5-4714-9BAE-B69C88B44DD4}"
EndProject
Project("{FAE04EC0-301F-11D3-BF4B-00C04F79EFBC}") = "EmployeeApi.Test", "EmployeeApi.Test\EmployeeApi.Test.csproj", "{F481D545-255D-4A48-B1EE-7643365CE54F}"
EndProject
Global
	GlobalSection(SolutionConfigurationPlatforms) = preSolution
		Debug|Any CPU = Debug|Any CPU
		Release|Any CPU = Release|Any CPU
	EndGlobalSection
	GlobalSection(ProjectConfigurationPlatforms) = postSolution
		{6FB6DD51-E2E5-4714-9BAE-B69C88B44DD4}.Debug|Any CPU.ActiveCfg = Debug|Any CPU
		{6FB6DD51-E2E5-4714-9BAE-B69C88B44DD4}.Debug|Any CPU.Build.0 = Debug|Any CPU
		{6FB6DD51-E2E5-4714-9BAE-B69C88B44DD4}.Release|Any CPU.ActiveCfg = Release|Any CPU
		{6FB6DD51-E2E5-4714-9BAE-B69C88B44DD4}.Release|Any CPU.Build.0 = Release|Any CPU
		{F481D545-255D-4A48-B1EE-7643365CE54F}.Debug|Any CPU.ActiveCfg = Debug|Any CPU
		{F481D545-255D-4A48-B1EE-7643365CE54F}.Debug|Any CPU.Build.0 = Debug|Any CPU
		{F481D545-255D-4A48-B1EE-7643365CE54F}.Release|Any CPU.ActiveCfg = Release|Any CPU
		{F481D545-255D-4A48-B1EE-7643365CE54F}.Release|Any CPU.Build.0 = Release|Any CPU
	EndGlobalSection
	GlobalSection(SolutionProperties) = preSolution
		HideSolutionNode = FALSE
	EndGlobalSection
	GlobalSection(ExtensibilityGlobals) = postSolution
		SolutionGuid = {4211512D-1051-4E41-94C5-39CF6CC24718}
	EndGlobalSection
EndGlobal
